
Microsoft Visual Studio Solution File, Format Version 12.00
# Visual Studio Version 16
VisualStudioVersion = 16.0.29519.181
MinimumVisualStudioVersion = 10.0.40219.1
Project("{FAE04EC0-301F-11D3-BF4B-00C04F79EFBC}") = "Cardgameexperiment1", "Cardgameexperiment1\Cardgameexperiment1.csproj", "{1413BDCA-8BA6-4AC1-B450-DC1771842563}"
EndProject
Global
	GlobalSection(SolutionConfigurationPlatforms) = preSolution
		Debug|Any CPU = Debug|Any CPU
		Release|Any CPU = Release|Any CPU
	EndGlobalSection
	GlobalSection(ProjectConfigurationPlatforms) = postSolution
		{1413BDCA-8BA6-4AC1-B450-DC1771842563}.Debug|Any CPU.ActiveCfg = Debug|Any CPU
		{1413BDCA-8BA6-4AC1-B450-DC1771842563}.Debug|Any CPU.Build.0 = Debug|Any CPU
		{1413BDCA-8BA6-4AC1-B450-DC1771842563}.Release|Any CPU.ActiveCfg = Release|Any CPU
		{1413BDCA-8BA6-4AC1-B450-DC1771842563}.Release|Any CPU.Build.0 = Release|Any CPU
	EndGlobalSection
	GlobalSection(SolutionProperties) = preSolution
		HideSolutionNode = FALSE
	EndGlobalSection
	GlobalSection(ExtensibilityGlobals) = postSolution
		SolutionGuid = {82E4F0A0-D1A9-4B00-8CF1-ECCBDA81F4CB}
	EndGlobalSection
EndGlobal
